// !$*UTF8*$!
{
	archiveVersion = 1;
	classes = {
	};
	objectVersion = 56;
	objects = {

/* Begin PBXBuildFile section */
		78EC36B62D5B3BFE0067BCF1 /* airbnbApp.swift in Sources */ = {isa = PBXBuildFile; fileRef = 78EC36B52D5B3BFE0067BCF1 /* airbnbApp.swift */; };
		78EC36B82D5B3BFE0067BCF1 /* ContentView.swift in Sources */ = {isa = PBXBuildFile; fileRef = 78EC36B72D5B3BFE0067BCF1 /* ContentView.swift */; };
		78EC36BA2D5B3C000067BCF1 /* Assets.xcassets in Resources */ = {isa = PBXBuildFile; fileRef = 78EC36B92D5B3C000067BCF1 /* Assets.xcassets */; };
		78EC36BD2D5B3C000067BCF1 /* Preview Assets.xcassets in Resources */ = {isa = PBXBuildFile; fileRef = 78EC36BC2D5B3C000067BCF1 /* Preview Assets.xcassets */; };
		78EC36C72D5B3C000067BCF1 /* airbnbTests.swift in Sources */ = {isa = PBXBuildFile; fileRef = 78EC36C62D5B3C000067BCF1 /* airbnbTests.swift */; };
		78EC36D12D5B3C000067BCF1 /* airbnbUITests.swift in Sources */ = {isa = PBXBuildFile; fileRef = 78EC36D02D5B3C000067BCF1 /* airbnbUITests.swift */; };
		78EC36D32D5B3C000067BCF1 /* airbnbUITestsLaunchTests.swift in Sources */ = {isa = PBXBuildFile; fileRef = 78EC36D22D5B3C000067BCF1 /* airbnbUITestsLaunchTests.swift */; };
		78EC36E82D5B40810067BCF1 /* SplashView.swift in Sources */ = {isa = PBXBuildFile; fileRef = 78EC36E72D5B40810067BCF1 /* SplashView.swift */; };
		78EC36EB2D5B426E0067BCF1 /* DashboardView.swift in Sources */ = {isa = PBXBuildFile; fileRef = 78EC36EA2D5B426E0067BCF1 /* DashboardView.swift */; };
		78EC36EF2D5B45040067BCF1 /* ExploreViewModel.swift in Sources */ = {isa = PBXBuildFile; fileRef = 78EC36EE2D5B45040067BCF1 /* ExploreViewModel.swift */; };
		78EC36F32D5B45430067BCF1 /* ExploreService.swift in Sources */ = {isa = PBXBuildFile; fileRef = 78EC36F22D5B45430067BCF1 /* ExploreService.swift */; };
		78EC36F62D5B4C520067BCF1 /* DeveloperPreview.swift in Sources */ = {isa = PBXBuildFile; fileRef = 78EC36F52D5B4C520067BCF1 /* DeveloperPreview.swift */; };
		78EC36F82D5B4FCC0067BCF1 /* ExplorerView.swift in Sources */ = {isa = PBXBuildFile; fileRef = 78EC36F72D5B4FCC0067BCF1 /* ExplorerView.swift */; };
		78EC36FB2D5B505C0067BCF1 /* WishListView.swift in Sources */ = {isa = PBXBuildFile; fileRef = 78EC36FA2D5B505C0067BCF1 /* WishListView.swift */; };
		78EC36FE2D5B50B90067BCF1 /* TripsView.swift in Sources */ = {isa = PBXBuildFile; fileRef = 78EC36FD2D5B50B90067BCF1 /* TripsView.swift */; };
		78EC37012D5B50D60067BCF1 /* InboxView.swift in Sources */ = {isa = PBXBuildFile; fileRef = 78EC37002D5B50D60067BCF1 /* InboxView.swift */; };
		78EC37042D5B50EC0067BCF1 /* ProfileView.swift in Sources */ = {isa = PBXBuildFile; fileRef = 78EC37032D5B50EC0067BCF1 /* ProfileView.swift */; };
		78EC37072D5B55170067BCF1 /* ListingItemCarouselView.swift in Sources */ = {isa = PBXBuildFile; fileRef = 78EC37062D5B55170067BCF1 /* ListingItemCarouselView.swift */; };
		78EC37092D5C379A0067BCF1 /* CategoryItemView.swift in Sources */ = {isa = PBXBuildFile; fileRef = 78EC37082D5C379A0067BCF1 /* CategoryItemView.swift */; };
		78EC370B2D5C3D230067BCF1 /* CategoryCarouselView.swift in Sources */ = {isa = PBXBuildFile; fileRef = 78EC370A2D5C3D230067BCF1 /* CategoryCarouselView.swift */; };
		78EC370D2D5C4C920067BCF1 /* SearchAndFilterBarView.swift in Sources */ = {isa = PBXBuildFile; fileRef = 78EC370C2D5C4C920067BCF1 /* SearchAndFilterBarView.swift */; };
		78EC370F2D5C527F0067BCF1 /* DestinationSearchView.swift in Sources */ = {isa = PBXBuildFile; fileRef = 78EC370E2D5C527F0067BCF1 /* DestinationSearchView.swift */; };
		78EC37122D5C8B280067BCF1 /* ListingModel.swift in Sources */ = {isa = PBXBuildFile; fileRef = 78EC37112D5C8B280067BCF1 /* ListingModel.swift */; };
		78EC37142D5C936B0067BCF1 /* CollapsePickerViewModifier.swift in Sources */ = {isa = PBXBuildFile; fileRef = 78EC37132D5C936B0067BCF1 /* CollapsePickerViewModifier.swift */; };
		78EC37162D5C94810067BCF1 /* CollapsePickerView.swift in Sources */ = {isa = PBXBuildFile; fileRef = 78EC37152D5C94810067BCF1 /* CollapsePickerView.swift */; };
		78EC37182D5C9E9B0067BCF1 /* ListingItemView.swift in Sources */ = {isa = PBXBuildFile; fileRef = 78EC37172D5C9E9B0067BCF1 /* ListingItemView.swift */; };
		78EC371E2D5D8C410067BCF1 /* ExplorerDetailView.swift in Sources */ = {isa = PBXBuildFile; fileRef = 78EC371D2D5D8C410067BCF1 /* ExplorerDetailView.swift */; };
		78EC37202D5DAB250067BCF1 /* Extentions.swift in Sources */ = {isa = PBXBuildFile; fileRef = 78EC371F2D5DAB250067BCF1 /* Extentions.swift */; };
		78EC37232D5DD8440067BCF1 /* SettingItem.swift in Sources */ = {isa = PBXBuildFile; fileRef = 78EC37222D5DD8440067BCF1 /* SettingItem.swift */; };
		78EC37252D5DE37A0067BCF1 /* NotLoginView.swift in Sources */ = {isa = PBXBuildFile; fileRef = 78EC37242D5DE37A0067BCF1 /* NotLoginView.swift */; };
		78EC37272D5DE5EB0067BCF1 /* LoginOrSignUpView.swift in Sources */ = {isa = PBXBuildFile; fileRef = 78EC37262D5DE5EB0067BCF1 /* LoginOrSignUpView.swift */; };
/* End PBXBuildFile section */

/* Begin PBXContainerItemProxy section */
		78EC36C32D5B3C000067BCF1 /* PBXContainerItemProxy */ = {
			isa = PBXContainerItemProxy;
			containerPortal = 78EC36AA2D5B3BFE0067BCF1 /* Project object */;
			proxyType = 1;
			remoteGlobalIDString = 78EC36B12D5B3BFE0067BCF1;
			remoteInfo = airbnb;
		};
		78EC36CD2D5B3C000067BCF1 /* PBXContainerItemProxy */ = {
			isa = PBXContainerItemProxy;
			containerPortal = 78EC36AA2D5B3BFE0067BCF1 /* Project object */;
			proxyType = 1;
			remoteGlobalIDString = 78EC36B12D5B3BFE0067BCF1;
			remoteInfo = airbnb;
		};
/* End PBXContainerItemProxy section */

/* Begin PBXFileReference section */
		78EC36B22D5B3BFE0067BCF1 /* airbnb.app */ = {isa = PBXFileReference; explicitFileType = wrapper.application; includeInIndex = 0; path = airbnb.app; sourceTree = BUILT_PRODUCTS_DIR; };
		78EC36B52D5B3BFE0067BCF1 /* airbnbApp.swift */ = {isa = PBXFileReference; lastKnownFileType = sourcecode.swift; path = airbnbApp.swift; sourceTree = "<group>"; };
		78EC36B72D5B3BFE0067BCF1 /* ContentView.swift */ = {isa = PBXFileReference; lastKnownFileType = sourcecode.swift; path = ContentView.swift; sourceTree = "<group>"; };
		78EC36B92D5B3C000067BCF1 /* Assets.xcassets */ = {isa = PBXFileReference; lastKnownFileType = folder.assetcatalog; path = Assets.xcassets; sourceTree = "<group>"; };
		78EC36BC2D5B3C000067BCF1 /* Preview Assets.xcassets */ = {isa = PBXFileReference; lastKnownFileType = folder.assetcatalog; path = "Preview Assets.xcassets"; sourceTree = "<group>"; };
		78EC36C22D5B3C000067BCF1 /* airbnbTests.xctest */ = {isa = PBXFileReference; explicitFileType = wrapper.cfbundle; includeInIndex = 0; path = airbnbTests.xctest; sourceTree = BUILT_PRODUCTS_DIR; };
		78EC36C62D5B3C000067BCF1 /* airbnbTests.swift */ = {isa = PBXFileReference; lastKnownFileType = sourcecode.swift; path = airbnbTests.swift; sourceTree = "<group>"; };
		78EC36CC2D5B3C000067BCF1 /* airbnbUITests.xctest */ = {isa = PBXFileReference; explicitFileType = wrapper.cfbundle; includeInIndex = 0; path = airbnbUITests.xctest; sourceTree = BUILT_PRODUCTS_DIR; };
		78EC36D02D5B3C000067BCF1 /* airbnbUITests.swift */ = {isa = PBXFileReference; lastKnownFileType = sourcecode.swift; path = airbnbUITests.swift; sourceTree = "<group>"; };
		78EC36D22D5B3C000067BCF1 /* airbnbUITestsLaunchTests.swift */ = {isa = PBXFileReference; lastKnownFileType = sourcecode.swift; path = airbnbUITestsLaunchTests.swift; sourceTree = "<group>"; };
		78EC36E72D5B40810067BCF1 /* SplashView.swift */ = {isa = PBXFileReference; lastKnownFileType = sourcecode.swift; path = SplashView.swift; sourceTree = "<group>"; };
		78EC36EA2D5B426E0067BCF1 /* DashboardView.swift */ = {isa = PBXFileReference; lastKnownFileType = sourcecode.swift; path = DashboardView.swift; sourceTree = "<group>"; };
		78EC36EE2D5B45040067BCF1 /* ExploreViewModel.swift */ = {isa = PBXFileReference; lastKnownFileType = sourcecode.swift; path = ExploreViewModel.swift; sourceTree = "<group>"; };
		78EC36F22D5B45430067BCF1 /* ExploreService.swift */ = {isa = PBXFileReference; lastKnownFileType = sourcecode.swift; path = ExploreService.swift; sourceTree = "<group>"; };
		78EC36F52D5B4C520067BCF1 /* DeveloperPreview.swift */ = {isa = PBXFileReference; lastKnownFileType = sourcecode.swift; path = DeveloperPreview.swift; sourceTree = "<group>"; };
		78EC36F72D5B4FCC0067BCF1 /* ExplorerView.swift */ = {isa = PBXFileReference; lastKnownFileType = sourcecode.swift; path = ExplorerView.swift; sourceTree = "<group>"; };
		78EC36FA2D5B505C0067BCF1 /* WishListView.swift */ = {isa = PBXFileReference; lastKnownFileType = sourcecode.swift; path = WishListView.swift; sourceTree = "<group>"; };
		78EC36FD2D5B50B90067BCF1 /* TripsView.swift */ = {isa = PBXFileReference; lastKnownFileType = sourcecode.swift; path = TripsView.swift; sourceTree = "<group>"; };
		78EC37002D5B50D60067BCF1 /* InboxView.swift */ = {isa = PBXFileReference; lastKnownFileType = sourcecode.swift; path = InboxView.swift; sourceTree = "<group>"; };
		78EC37032D5B50EC0067BCF1 /* ProfileView.swift */ = {isa = PBXFileReference; lastKnownFileType = sourcecode.swift; path = ProfileView.swift; sourceTree = "<group>"; };
		78EC37062D5B55170067BCF1 /* ListingItemCarouselView.swift */ = {isa = PBXFileReference; lastKnownFileType = sourcecode.swift; path = ListingItemCarouselView.swift; sourceTree = "<group>"; };
		78EC37082D5C379A0067BCF1 /* CategoryItemView.swift */ = {isa = PBXFileReference; lastKnownFileType = sourcecode.swift; path = CategoryItemView.swift; sourceTree = "<group>"; };
		78EC370A2D5C3D230067BCF1 /* CategoryCarouselView.swift */ = {isa = PBXFileReference; lastKnownFileType = sourcecode.swift; path = CategoryCarouselView.swift; sourceTree = "<group>"; };
		78EC370C2D5C4C920067BCF1 /* SearchAndFilterBarView.swift */ = {isa = PBXFileReference; lastKnownFileType = sourcecode.swift; path = SearchAndFilterBarView.swift; sourceTree = "<group>"; };
		78EC370E2D5C527F0067BCF1 /* DestinationSearchView.swift */ = {isa = PBXFileReference; lastKnownFileType = sourcecode.swift; path = DestinationSearchView.swift; sourceTree = "<group>"; };
		78EC37112D5C8B280067BCF1 /* ListingModel.swift */ = {isa = PBXFileReference; lastKnownFileType = sourcecode.swift; path = ListingModel.swift; sourceTree = "<group>"; };
		78EC37132D5C936B0067BCF1 /* CollapsePickerViewModifier.swift */ = {isa = PBXFileReference; lastKnownFileType = sourcecode.swift; path = CollapsePickerViewModifier.swift; sourceTree = "<group>"; };
		78EC37152D5C94810067BCF1 /* CollapsePickerView.swift */ = {isa = PBXFileReference; lastKnownFileType = sourcecode.swift; path = CollapsePickerView.swift; sourceTree = "<group>"; };
		78EC37172D5C9E9B0067BCF1 /* ListingItemView.swift */ = {isa = PBXFileReference; lastKnownFileType = sourcecode.swift; path = ListingItemView.swift; sourceTree = "<group>"; };
		78EC371D2D5D8C410067BCF1 /* ExplorerDetailView.swift */ = {isa = PBXFileReference; lastKnownFileType = sourcecode.swift; path = ExplorerDetailView.swift; sourceTree = "<group>"; };
		78EC371F2D5DAB250067BCF1 /* Extentions.swift */ = {isa = PBXFileReference; lastKnownFileType = sourcecode.swift; path = Extentions.swift; sourceTree = "<group>"; };
		78EC37222D5DD8440067BCF1 /* SettingItem.swift */ = {isa = PBXFileReference; lastKnownFileType = sourcecode.swift; path = SettingItem.swift; sourceTree = "<group>"; };
		78EC37242D5DE37A0067BCF1 /* NotLoginView.swift */ = {isa = PBXFileReference; lastKnownFileType = sourcecode.swift; path = NotLoginView.swift; sourceTree = "<group>"; };
		78EC37262D5DE5EB0067BCF1 /* LoginOrSignUpView.swift */ = {isa = PBXFileReference; lastKnownFileType = sourcecode.swift; path = LoginOrSignUpView.swift; sourceTree = "<group>"; };
/* End PBXFileReference section */

/* Begin PBXFrameworksBuildPhase section */
		78EC36AF2D5B3BFE0067BCF1 /* Frameworks */ = {
			isa = PBXFrameworksBuildPhase;
			buildActionMask = 2147483647;
			files = (
			);
			runOnlyForDeploymentPostprocessing = 0;
		};
		78EC36BF2D5B3C000067BCF1 /* Frameworks */ = {
			isa = PBXFrameworksBuildPhase;
			buildActionMask = 2147483647;
			files = (
			);
			runOnlyForDeploymentPostprocessing = 0;
		};
		78EC36C92D5B3C000067BCF1 /* Frameworks */ = {
			isa = PBXFrameworksBuildPhase;
			buildActionMask = 2147483647;
			files = (
			);
			runOnlyForDeploymentPostprocessing = 0;
		};
/* End PBXFrameworksBuildPhase section */

/* Begin PBXGroup section */
		78EC36A92D5B3BFE0067BCF1 = {
			isa = PBXGroup;
			children = (
				78EC36B42D5B3BFE0067BCF1 /* airbnb */,
				78EC36C52D5B3C000067BCF1 /* airbnbTests */,
				78EC36CF2D5B3C000067BCF1 /* airbnbUITests */,
				78EC36B32D5B3BFE0067BCF1 /* Products */,
			);
			sourceTree = "<group>";
		};
		78EC36B32D5B3BFE0067BCF1 /* Products */ = {
			isa = PBXGroup;
			children = (
				78EC36B22D5B3BFE0067BCF1 /* airbnb.app */,
				78EC36C22D5B3C000067BCF1 /* airbnbTests.xctest */,
				78EC36CC2D5B3C000067BCF1 /* airbnbUITests.xctest */,
			);
			name = Products;
			sourceTree = "<group>";
		};
		78EC36B42D5B3BFE0067BCF1 /* airbnb */ = {
			isa = PBXGroup;
			children = (
				78EC37102D5C8B0F0067BCF1 /* Models */,
				78EC37052D5B54D20067BCF1 /* Components */,
				78EC36F42D5B45790067BCF1 /* Extensions */,
				78EC36E32D5B3D660067BCF1 /* Views */,
				78EC36B52D5B3BFE0067BCF1 /* airbnbApp.swift */,
				78EC36B72D5B3BFE0067BCF1 /* ContentView.swift */,
				78EC36B92D5B3C000067BCF1 /* Assets.xcassets */,
				78EC36BB2D5B3C000067BCF1 /* Preview Content */,
			);
			path = airbnb;
			sourceTree = "<group>";
		};
		78EC36BB2D5B3C000067BCF1 /* Preview Content */ = {
			isa = PBXGroup;
			children = (
				78EC36BC2D5B3C000067BCF1 /* Preview Assets.xcassets */,
			);
			path = "Preview Content";
			sourceTree = "<group>";
		};
		78EC36C52D5B3C000067BCF1 /* airbnbTests */ = {
			isa = PBXGroup;
			children = (
				78EC36C62D5B3C000067BCF1 /* airbnbTests.swift */,
			);
			path = airbnbTests;
			sourceTree = "<group>";
		};
		78EC36CF2D5B3C000067BCF1 /* airbnbUITests */ = {
			isa = PBXGroup;
			children = (
				78EC36D02D5B3C000067BCF1 /* airbnbUITests.swift */,
				78EC36D22D5B3C000067BCF1 /* airbnbUITestsLaunchTests.swift */,
			);
			path = airbnbUITests;
			sourceTree = "<group>";
		};
		78EC36E32D5B3D660067BCF1 /* Views */ = {
			isa = PBXGroup;
			children = (
				78EC37022D5B50E00067BCF1 /* Profile */,
				78EC36FF2D5B50CA0067BCF1 /* Inbox */,
				78EC36FC2D5B50AC0067BCF1 /* Trips */,
				78EC36F92D5B504D0067BCF1 /* Wish */,
				78EC36EC2D5B43050067BCF1 /* Explorer */,
				78EC36E92D5B42340067BCF1 /* Dashboard */,
				78EC36E42D5B3D720067BCF1 /* Splash */,
			);
			path = Views;
			sourceTree = "<group>";
		};
		78EC36E42D5B3D720067BCF1 /* Splash */ = {
			isa = PBXGroup;
			children = (
				78EC36E72D5B40810067BCF1 /* SplashView.swift */,
			);
			name = Splash;
			sourceTree = "<group>";
		};
		78EC36E92D5B42340067BCF1 /* Dashboard */ = {
			isa = PBXGroup;
			children = (
				78EC36EA2D5B426E0067BCF1 /* DashboardView.swift */,
			);
			name = Dashboard;
			sourceTree = "<group>";
		};
		78EC36EC2D5B43050067BCF1 /* Explorer */ = {
			isa = PBXGroup;
			children = (
				78EC36F12D5B451B0067BCF1 /* View */,
				78EC36F02D5B45110067BCF1 /* Service */,
				78EC36ED2D5B44E10067BCF1 /* ViewModel */,
			);
			name = Explorer;
			sourceTree = "<group>";
		};
		78EC36ED2D5B44E10067BCF1 /* ViewModel */ = {
			isa = PBXGroup;
			children = (
				78EC36EE2D5B45040067BCF1 /* ExploreViewModel.swift */,
			);
			name = ViewModel;
			sourceTree = "<group>";
		};
		78EC36F02D5B45110067BCF1 /* Service */ = {
			isa = PBXGroup;
			children = (
				78EC36F22D5B45430067BCF1 /* ExploreService.swift */,
			);
			name = Service;
			sourceTree = "<group>";
		};
		78EC36F12D5B451B0067BCF1 /* View */ = {
			isa = PBXGroup;
			children = (
				78EC371C2D5D8BA40067BCF1 /* ExplorerList */,
				78EC371B2D5D8B860067BCF1 /* ExplorerDetail */,
				78EC370A2D5C3D230067BCF1 /* CategoryCarouselView.swift */,
				78EC37132D5C936B0067BCF1 /* CollapsePickerViewModifier.swift */,
				78EC37152D5C94810067BCF1 /* CollapsePickerView.swift */,
			);
			name = View;
			sourceTree = "<group>";
		};
		78EC36F42D5B45790067BCF1 /* Extensions */ = {
			isa = PBXGroup;
			children = (
				78EC36F52D5B4C520067BCF1 /* DeveloperPreview.swift */,
				78EC371F2D5DAB250067BCF1 /* Extentions.swift */,
			);
			path = Extensions;
			sourceTree = "<group>";
		};
		78EC36F92D5B504D0067BCF1 /* Wish */ = {
			isa = PBXGroup;
			children = (
				78EC36FA2D5B505C0067BCF1 /* WishListView.swift */,
			);
			name = Wish;
			sourceTree = "<group>";
		};
		78EC36FC2D5B50AC0067BCF1 /* Trips */ = {
			isa = PBXGroup;
			children = (
				78EC36FD2D5B50B90067BCF1 /* TripsView.swift */,
			);
			name = Trips;
			sourceTree = "<group>";
		};
		78EC36FF2D5B50CA0067BCF1 /* Inbox */ = {
			isa = PBXGroup;
			children = (
				78EC37002D5B50D60067BCF1 /* InboxView.swift */,
			);
			name = Inbox;
			sourceTree = "<group>";
		};
		78EC37022D5B50E00067BCF1 /* Profile */ = {
			isa = PBXGroup;
			children = (
				78EC37242D5DE37A0067BCF1 /* NotLoginView.swift */,
				78EC37032D5B50EC0067BCF1 /* ProfileView.swift */,
				78EC37262D5DE5EB0067BCF1 /* LoginOrSignUpView.swift */,
			);
			name = Profile;
			sourceTree = "<group>";
		};
		78EC37052D5B54D20067BCF1 /* Components */ = {
			isa = PBXGroup;
			children = (
				78EC37062D5B55170067BCF1 /* ListingItemCarouselView.swift */,
				78EC37082D5C379A0067BCF1 /* CategoryItemView.swift */,
			);
			path = Components;
			sourceTree = "<group>";
		};
		78EC37102D5C8B0F0067BCF1 /* Models */ = {
			isa = PBXGroup;
			children = (
				78EC37112D5C8B280067BCF1 /* ListingModel.swift */,
				78EC37222D5DD8440067BCF1 /* SettingItem.swift */,
			);
			path = Models;
			sourceTree = "<group>";
		};
		78EC371B2D5D8B860067BCF1 /* ExplorerDetail */ = {
			isa = PBXGroup;
			children = (
				78EC371D2D5D8C410067BCF1 /* ExplorerDetailView.swift */,
			);
			name = ExplorerDetail;
			sourceTree = "<group>";
		};
		78EC371C2D5D8BA40067BCF1 /* ExplorerList */ = {
			isa = PBXGroup;
			children = (
				78EC370E2D5C527F0067BCF1 /* DestinationSearchView.swift */,
				78EC370C2D5C4C920067BCF1 /* SearchAndFilterBarView.swift */,
				78EC36F72D5B4FCC0067BCF1 /* ExplorerView.swift */,
				78EC37172D5C9E9B0067BCF1 /* ListingItemView.swift */,
			);
			name = ExplorerList;
			sourceTree = "<group>";
		};
/* End PBXGroup section */

/* Begin PBXNativeTarget section */
		78EC36B12D5B3BFE0067BCF1 /* airbnb */ = {
			isa = PBXNativeTarget;
			buildConfigurationList = 78EC36D62D5B3C000067BCF1 /* Build configuration list for PBXNativeTarget "airbnb" */;
			buildPhases = (
				78EC36AE2D5B3BFE0067BCF1 /* Sources */,
				78EC36AF2D5B3BFE0067BCF1 /* Frameworks */,
				78EC36B02D5B3BFE0067BCF1 /* Resources */,
			);
			buildRules = (
			);
			dependencies = (
			);
			name = airbnb;
			productName = airbnb;
			productReference = 78EC36B22D5B3BFE0067BCF1 /* airbnb.app */;
			productType = "com.apple.product-type.application";
		};
		78EC36C12D5B3C000067BCF1 /* airbnbTests */ = {
			isa = PBXNativeTarget;
			buildConfigurationList = 78EC36D92D5B3C000067BCF1 /* Build configuration list for PBXNativeTarget "airbnbTests" */;
			buildPhases = (
				78EC36BE2D5B3C000067BCF1 /* Sources */,
				78EC36BF2D5B3C000067BCF1 /* Frameworks */,
				78EC36C02D5B3C000067BCF1 /* Resources */,
			);
			buildRules = (
			);
			dependencies = (
				78EC36C42D5B3C000067BCF1 /* PBXTargetDependency */,
			);
			name = airbnbTests;
			productName = airbnbTests;
			productReference = 78EC36C22D5B3C000067BCF1 /* airbnbTests.xctest */;
			productType = "com.apple.product-type.bundle.unit-test";
		};
		78EC36CB2D5B3C000067BCF1 /* airbnbUITests */ = {
			isa = PBXNativeTarget;
			buildConfigurationList = 78EC36DC2D5B3C000067BCF1 /* Build configuration list for PBXNativeTarget "airbnbUITests" */;
			buildPhases = (
				78EC36C82D5B3C000067BCF1 /* Sources */,
				78EC36C92D5B3C000067BCF1 /* Frameworks */,
				78EC36CA2D5B3C000067BCF1 /* Resources */,
			);
			buildRules = (
			);
			dependencies = (
				78EC36CE2D5B3C000067BCF1 /* PBXTargetDependency */,
			);
			name = airbnbUITests;
			productName = airbnbUITests;
			productReference = 78EC36CC2D5B3C000067BCF1 /* airbnbUITests.xctest */;
			productType = "com.apple.product-type.bundle.ui-testing";
		};
/* End PBXNativeTarget section */

/* Begin PBXProject section */
		78EC36AA2D5B3BFE0067BCF1 /* Project object */ = {
			isa = PBXProject;
			attributes = {
				BuildIndependentTargetsInParallel = 1;
				LastSwiftUpdateCheck = 1540;
				LastUpgradeCheck = 1540;
				TargetAttributes = {
					78EC36B12D5B3BFE0067BCF1 = {
						CreatedOnToolsVersion = 15.4;
					};
					78EC36C12D5B3C000067BCF1 = {
						CreatedOnToolsVersion = 15.4;
						TestTargetID = 78EC36B12D5B3BFE0067BCF1;
					};
					78EC36CB2D5B3C000067BCF1 = {
						CreatedOnToolsVersion = 15.4;
						TestTargetID = 78EC36B12D5B3BFE0067BCF1;
					};
				};
			};
			buildConfigurationList = 78EC36AD2D5B3BFE0067BCF1 /* Build configuration list for PBXProject "airbnb" */;
			compatibilityVersion = "Xcode 14.0";
			developmentRegion = en;
			hasScannedForEncodings = 0;
			knownRegions = (
				en,
				Base,
			);
			mainGroup = 78EC36A92D5B3BFE0067BCF1;
			productRefGroup = 78EC36B32D5B3BFE0067BCF1 /* Products */;
			projectDirPath = "";
			projectRoot = "";
			targets = (
				78EC36B12D5B3BFE0067BCF1 /* airbnb */,
				78EC36C12D5B3C000067BCF1 /* airbnbTests */,
				78EC36CB2D5B3C000067BCF1 /* airbnbUITests */,
			);
		};
/* End PBXProject section */

/* Begin PBXResourcesBuildPhase section */
		78EC36B02D5B3BFE0067BCF1 /* Resources */ = {
			isa = PBXResourcesBuildPhase;
			buildActionMask = 2147483647;
			files = (
				78EC36BD2D5B3C000067BCF1 /* Preview Assets.xcassets in Resources */,
				78EC36BA2D5B3C000067BCF1 /* Assets.xcassets in Resources */,
			);
			runOnlyForDeploymentPostprocessing = 0;
		};
		78EC36C02D5B3C000067BCF1 /* Resources */ = {
			isa = PBXResourcesBuildPhase;
			buildActionMask = 2147483647;
			files = (
			);
			runOnlyForDeploymentPostprocessing = 0;
		};
		78EC36CA2D5B3C000067BCF1 /* Resources */ = {
			isa = PBXResourcesBuildPhase;
			buildActionMask = 2147483647;
			files = (
			);
			runOnlyForDeploymentPostprocessing = 0;
		};
/* End PBXResourcesBuildPhase section */

/* Begin PBXSourcesBuildPhase section */
		78EC36AE2D5B3BFE0067BCF1 /* Sources */ = {
			isa = PBXSourcesBuildPhase;
			buildActionMask = 2147483647;
			files = (
				78EC37252D5DE37A0067BCF1 /* NotLoginView.swift in Sources */,
				78EC37072D5B55170067BCF1 /* ListingItemCarouselView.swift in Sources */,
				78EC37182D5C9E9B0067BCF1 /* ListingItemView.swift in Sources */,
				78EC36EF2D5B45040067BCF1 /* ExploreViewModel.swift in Sources */,
				78EC36F82D5B4FCC0067BCF1 /* ExplorerView.swift in Sources */,
				78EC37092D5C379A0067BCF1 /* CategoryItemView.swift in Sources */,
				78EC36FB2D5B505C0067BCF1 /* WishListView.swift in Sources */,
				78EC36F32D5B45430067BCF1 /* ExploreService.swift in Sources */,
				78EC370D2D5C4C920067BCF1 /* SearchAndFilterBarView.swift in Sources */,
				78EC370F2D5C527F0067BCF1 /* DestinationSearchView.swift in Sources */,
				78EC37042D5B50EC0067BCF1 /* ProfileView.swift in Sources */,
				78EC36B82D5B3BFE0067BCF1 /* ContentView.swift in Sources */,
				78EC36FE2D5B50B90067BCF1 /* TripsView.swift in Sources */,
				78EC37272D5DE5EB0067BCF1 /* LoginOrSignUpView.swift in Sources */,
				78EC37162D5C94810067BCF1 /* CollapsePickerView.swift in Sources */,
				78EC36EB2D5B426E0067BCF1 /* DashboardView.swift in Sources */,
				78EC37122D5C8B280067BCF1 /* ListingModel.swift in Sources */,
				78EC371E2D5D8C410067BCF1 /* ExplorerDetailView.swift in Sources */,
				78EC36B62D5B3BFE0067BCF1 /* airbnbApp.swift in Sources */,
				78EC37232D5DD8440067BCF1 /* SettingItem.swift in Sources */,
				78EC36E82D5B40810067BCF1 /* SplashView.swift in Sources */,
				78EC370B2D5C3D230067BCF1 /* CategoryCarouselView.swift in Sources */,
				78EC37202D5DAB250067BCF1 /* Extentions.swift in Sources */,
				78EC37142D5C936B0067BCF1 /* CollapsePickerViewModifier.swift in Sources */,
				78EC37012D5B50D60067BCF1 /* InboxView.swift in Sources */,
				78EC36F62D5B4C520067BCF1 /* DeveloperPreview.swift in Sources */,
			);
			runOnlyForDeploymentPostprocessing = 0;
		};
		78EC36BE2D5B3C000067BCF1 /* Sources */ = {
			isa = PBXSourcesBuildPhase;
			buildActionMask = 2147483647;
			files = (
				78EC36C72D5B3C000067BCF1 /* airbnbTests.swift in Sources */,
			);
			runOnlyForDeploymentPostprocessing = 0;
		};
		78EC36C82D5B3C000067BCF1 /* Sources */ = {
			isa = PBXSourcesBuildPhase;
			buildActionMask = 2147483647;
			files = (
				78EC36D32D5B3C000067BCF1 /* airbnbUITestsLaunchTests.swift in Sources */,
				78EC36D12D5B3C000067BCF1 /* airbnbUITests.swift in Sources */,
			);
			runOnlyForDeploymentPostprocessing = 0;
		};
/* End PBXSourcesBuildPhase section */

/* Begin PBXTargetDependency section */
		78EC36C42D5B3C000067BCF1 /* PBXTargetDependency */ = {
			isa = PBXTargetDependency;
			target = 78EC36B12D5B3BFE0067BCF1 /* airbnb */;
			targetProxy = 78EC36C32D5B3C000067BCF1 /* PBXContainerItemProxy */;
		};
		78EC36CE2D5B3C000067BCF1 /* PBXTargetDependency */ = {
			isa = PBXTargetDependency;
			target = 78EC36B12D5B3BFE0067BCF1 /* airbnb */;
			targetProxy = 78EC36CD2D5B3C000067BCF1 /* PBXContainerItemProxy */;
		};
/* End PBXTargetDependency section */

/* Begin XCBuildConfiguration section */
		78EC36D42D5B3C000067BCF1 /* Debug */ = {
			isa = XCBuildConfiguration;
			buildSettings = {
				ALWAYS_SEARCH_USER_PATHS = NO;
				ASSETCATALOG_COMPILER_GENERATE_SWIFT_ASSET_SYMBOL_EXTENSIONS = YES;
				CLANG_ANALYZER_NONNULL = YES;
				CLANG_ANALYZER_NUMBER_OBJECT_CONVERSION = YES_AGGRESSIVE;
				CLANG_CXX_LANGUAGE_STANDARD = "gnu++20";
				CLANG_ENABLE_MODULES = YES;
				CLANG_ENABLE_OBJC_ARC = YES;
				CLANG_ENABLE_OBJC_WEAK = YES;
				CLANG_WARN_BLOCK_CAPTURE_AUTORELEASING = YES;
				CLANG_WARN_BOOL_CONVERSION = YES;
				CLANG_WARN_COMMA = YES;
				CLANG_WARN_CONSTANT_CONVERSION = YES;
				CLANG_WARN_DEPRECATED_OBJC_IMPLEMENTATIONS = YES;
				CLANG_WARN_DIRECT_OBJC_ISA_USAGE = YES_ERROR;
				CLANG_WARN_DOCUMENTATION_COMMENTS = YES;
				CLANG_WARN_EMPTY_BODY = YES;
				CLANG_WARN_ENUM_CONVERSION = YES;
				CLANG_WARN_INFINITE_RECURSION = YES;
				CLANG_WARN_INT_CONVERSION = YES;
				CLANG_WARN_NON_LITERAL_NULL_CONVERSION = YES;
				CLANG_WARN_OBJC_IMPLICIT_RETAIN_SELF = YES;
				CLANG_WARN_OBJC_LITERAL_CONVERSION = YES;
				CLANG_WARN_OBJC_ROOT_CLASS = YES_ERROR;
				CLANG_WARN_QUOTED_INCLUDE_IN_FRAMEWORK_HEADER = YES;
				CLANG_WARN_RANGE_LOOP_ANALYSIS = YES;
				CLANG_WARN_STRICT_PROTOTYPES = YES;
				CLANG_WARN_SUSPICIOUS_MOVE = YES;
				CLANG_WARN_UNGUARDED_AVAILABILITY = YES_AGGRESSIVE;
				CLANG_WARN_UNREACHABLE_CODE = YES;
				CLANG_WARN__DUPLICATE_METHOD_MATCH = YES;
				COPY_PHASE_STRIP = NO;
				DEBUG_INFORMATION_FORMAT = dwarf;
				ENABLE_STRICT_OBJC_MSGSEND = YES;
				ENABLE_TESTABILITY = YES;
				ENABLE_USER_SCRIPT_SANDBOXING = YES;
				GCC_C_LANGUAGE_STANDARD = gnu17;
				GCC_DYNAMIC_NO_PIC = NO;
				GCC_NO_COMMON_BLOCKS = YES;
				GCC_OPTIMIZATION_LEVEL = 0;
				GCC_PREPROCESSOR_DEFINITIONS = (
					"DEBUG=1",
					"$(inherited)",
				);
				GCC_WARN_64_TO_32_BIT_CONVERSION = YES;
				GCC_WARN_ABOUT_RETURN_TYPE = YES_ERROR;
				GCC_WARN_UNDECLARED_SELECTOR = YES;
				GCC_WARN_UNINITIALIZED_AUTOS = YES_AGGRESSIVE;
				GCC_WARN_UNUSED_FUNCTION = YES;
				GCC_WARN_UNUSED_VARIABLE = YES;
				IPHONEOS_DEPLOYMENT_TARGET = 17.5;
				LOCALIZATION_PREFERS_STRING_CATALOGS = YES;
				MTL_ENABLE_DEBUG_INFO = INCLUDE_SOURCE;
				MTL_FAST_MATH = YES;
				ONLY_ACTIVE_ARCH = YES;
				SDKROOT = iphoneos;
				SWIFT_ACTIVE_COMPILATION_CONDITIONS = "DEBUG $(inherited)";
				SWIFT_OPTIMIZATION_LEVEL = "-Onone";
			};
			name = Debug;
		};
		78EC36D52D5B3C000067BCF1 /* Release */ = {
			isa = XCBuildConfiguration;
			buildSettings = {
				ALWAYS_SEARCH_USER_PATHS = NO;
				ASSETCATALOG_COMPILER_GENERATE_SWIFT_ASSET_SYMBOL_EXTENSIONS = YES;
				CLANG_ANALYZER_NONNULL = YES;
				CLANG_ANALYZER_NUMBER_OBJECT_CONVERSION = YES_AGGRESSIVE;
				CLANG_CXX_LANGUAGE_STANDARD = "gnu++20";
				CLANG_ENABLE_MODULES = YES;
				CLANG_ENABLE_OBJC_ARC = YES;
				CLANG_ENABLE_OBJC_WEAK = YES;
				CLANG_WARN_BLOCK_CAPTURE_AUTORELEASING = YES;
				CLANG_WARN_BOOL_CONVERSION = YES;
				CLANG_WARN_COMMA = YES;
				CLANG_WARN_CONSTANT_CONVERSION = YES;
				CLANG_WARN_DEPRECATED_OBJC_IMPLEMENTATIONS = YES;
				CLANG_WARN_DIRECT_OBJC_ISA_USAGE = YES_ERROR;
				CLANG_WARN_DOCUMENTATION_COMMENTS = YES;
				CLANG_WARN_EMPTY_BODY = YES;
				CLANG_WARN_ENUM_CONVERSION = YES;
				CLANG_WARN_INFINITE_RECURSION = YES;
				CLANG_WARN_INT_CONVERSION = YES;
				CLANG_WARN_NON_LITERAL_NULL_CONVERSION = YES;
				CLANG_WARN_OBJC_IMPLICIT_RETAIN_SELF = YES;
				CLANG_WARN_OBJC_LITERAL_CONVERSION = YES;
				CLANG_WARN_OBJC_ROOT_CLASS = YES_ERROR;
				CLANG_WARN_QUOTED_INCLUDE_IN_FRAMEWORK_HEADER = YES;
				CLANG_WARN_RANGE_LOOP_ANALYSIS = YES;
				CLANG_WARN_STRICT_PROTOTYPES = YES;
				CLANG_WARN_SUSPICIOUS_MOVE = YES;
				CLANG_WARN_UNGUARDED_AVAILABILITY = YES_AGGRESSIVE;
				CLANG_WARN_UNREACHABLE_CODE = YES;
				CLANG_WARN__DUPLICATE_METHOD_MATCH = YES;
				COPY_PHASE_STRIP = NO;
				DEBUG_INFORMATION_FORMAT = "dwarf-with-dsym";
				ENABLE_NS_ASSERTIONS = NO;
				ENABLE_STRICT_OBJC_MSGSEND = YES;
				ENABLE_USER_SCRIPT_SANDBOXING = YES;
				GCC_C_LANGUAGE_STANDARD = gnu17;
				GCC_NO_COMMON_BLOCKS = YES;
				GCC_WARN_64_TO_32_BIT_CONVERSION = YES;
				GCC_WARN_ABOUT_RETURN_TYPE = YES_ERROR;
				GCC_WARN_UNDECLARED_SELECTOR = YES;
				GCC_WARN_UNINITIALIZED_AUTOS = YES_AGGRESSIVE;
				GCC_WARN_UNUSED_FUNCTION = YES;
				GCC_WARN_UNUSED_VARIABLE = YES;
				IPHONEOS_DEPLOYMENT_TARGET = 17.5;
				LOCALIZATION_PREFERS_STRING_CATALOGS = YES;
				MTL_ENABLE_DEBUG_INFO = NO;
				MTL_FAST_MATH = YES;
				SDKROOT = iphoneos;
				SWIFT_COMPILATION_MODE = wholemodule;
				VALIDATE_PRODUCT = YES;
			};
			name = Release;
		};
		78EC36D72D5B3C000067BCF1 /* Debug */ = {
			isa = XCBuildConfiguration;
			buildSettings = {
				ASSETCATALOG_COMPILER_APPICON_NAME = AppIcon;
				ASSETCATALOG_COMPILER_GLOBAL_ACCENT_COLOR_NAME = AccentColor;
				CODE_SIGN_STYLE = Automatic;
				CURRENT_PROJECT_VERSION = 1;
				DEVELOPMENT_ASSET_PATHS = "\"airbnb/Preview Content\"";
				ENABLE_PREVIEWS = YES;
				GENERATE_INFOPLIST_FILE = YES;
				INFOPLIST_KEY_UIApplicationSceneManifest_Generation = YES;
				INFOPLIST_KEY_UIApplicationSupportsIndirectInputEvents = YES;
				INFOPLIST_KEY_UILaunchScreen_Generation = YES;
				INFOPLIST_KEY_UISupportedInterfaceOrientations_iPad = "UIInterfaceOrientationPortrait UIInterfaceOrientationPortraitUpsideDown UIInterfaceOrientationLandscapeLeft UIInterfaceOrientationLandscapeRight";
				INFOPLIST_KEY_UISupportedInterfaceOrientations_iPhone = "UIInterfaceOrientationPortrait UIInterfaceOrientationLandscapeLeft UIInterfaceOrientationLandscapeRight";
				LD_RUNPATH_SEARCH_PATHS = (
					"$(inherited)",
					"@executable_path/Frameworks",
				);
				MARKETING_VERSION = 1.0;
				PRODUCT_BUNDLE_IDENTIFIER = com.zeronice.airbnb;
				PRODUCT_NAME = "$(TARGET_NAME)";
				SWIFT_EMIT_LOC_STRINGS = YES;
				SWIFT_VERSION = 5.0;
				TARGETED_DEVICE_FAMILY = "1,2";
			};
			name = Debug;
		};
		78EC36D82D5B3C000067BCF1 /* Release */ = {
			isa = XCBuildConfiguration;
			buildSettings = {
				ASSETCATALOG_COMPILER_APPICON_NAME = AppIcon;
				ASSETCATALOG_COMPILER_GLOBAL_ACCENT_COLOR_NAME = AccentColor;
				CODE_SIGN_STYLE = Automatic;
				CURRENT_PROJECT_VERSION = 1;
				DEVELOPMENT_ASSET_PATHS = "\"airbnb/Preview Content\"";
				ENABLE_PREVIEWS = YES;
				GENERATE_INFOPLIST_FILE = YES;
				INFOPLIST_KEY_UIApplicationSceneManifest_Generation = YES;
				INFOPLIST_KEY_UIApplicationSupportsIndirectInputEvents = YES;
				INFOPLIST_KEY_UILaunchScreen_Generation = YES;
				INFOPLIST_KEY_UISupportedInterfaceOrientations_iPad = "UIInterfaceOrientationPortrait UIInterfaceOrientationPortraitUpsideDown UIInterfaceOrientationLandscapeLeft UIInterfaceOrientationLandscapeRight";
				INFOPLIST_KEY_UISupportedInterfaceOrientations_iPhone = "UIInterfaceOrientationPortrait UIInterfaceOrientationLandscapeLeft UIInterfaceOrientationLandscapeRight";
				LD_RUNPATH_SEARCH_PATHS = (
					"$(inherited)",
					"@executable_path/Frameworks",
				);
				MARKETING_VERSION = 1.0;
				PRODUCT_BUNDLE_IDENTIFIER = com.zeronice.airbnb;
				PRODUCT_NAME = "$(TARGET_NAME)";
				SWIFT_EMIT_LOC_STRINGS = YES;
				SWIFT_VERSION = 5.0;
				TARGETED_DEVICE_FAMILY = "1,2";
			};
			name = Release;
		};
		78EC36DA2D5B3C000067BCF1 /* Debug */ = {
			isa = XCBuildConfiguration;
			buildSettings = {
				ALWAYS_EMBED_SWIFT_STANDARD_LIBRARIES = YES;
				BUNDLE_LOADER = "$(TEST_HOST)";
				CODE_SIGN_STYLE = Automatic;
				CURRENT_PROJECT_VERSION = 1;
				GENERATE_INFOPLIST_FILE = YES;
				IPHONEOS_DEPLOYMENT_TARGET = 17.5;
				MARKETING_VERSION = 1.0;
				PRODUCT_BUNDLE_IDENTIFIER = com.zeronice.airbnbTests;
				PRODUCT_NAME = "$(TARGET_NAME)";
				SWIFT_EMIT_LOC_STRINGS = NO;
				SWIFT_VERSION = 5.0;
				TARGETED_DEVICE_FAMILY = "1,2";
				TEST_HOST = "$(BUILT_PRODUCTS_DIR)/airbnb.app/$(BUNDLE_EXECUTABLE_FOLDER_PATH)/airbnb";
			};
			name = Debug;
		};
		78EC36DB2D5B3C000067BCF1 /* Release */ = {
			isa = XCBuildConfiguration;
			buildSettings = {
				ALWAYS_EMBED_SWIFT_STANDARD_LIBRARIES = YES;
				BUNDLE_LOADER = "$(TEST_HOST)";
				CODE_SIGN_STYLE = Automatic;
				CURRENT_PROJECT_VERSION = 1;
				GENERATE_INFOPLIST_FILE = YES;
				IPHONEOS_DEPLOYMENT_TARGET = 17.5;
				MARKETING_VERSION = 1.0;
				PRODUCT_BUNDLE_IDENTIFIER = com.zeronice.airbnbTests;
				PRODUCT_NAME = "$(TARGET_NAME)";
				SWIFT_EMIT_LOC_STRINGS = NO;
				SWIFT_VERSION = 5.0;
				TARGETED_DEVICE_FAMILY = "1,2";
				TEST_HOST = "$(BUILT_PRODUCTS_DIR)/airbnb.app/$(BUNDLE_EXECUTABLE_FOLDER_PATH)/airbnb";
			};
			name = Release;
		};
		78EC36DD2D5B3C000067BCF1 /* Debug */ = {
			isa = XCBuildConfiguration;
			buildSettings = {
				ALWAYS_EMBED_SWIFT_STANDARD_LIBRARIES = YES;
				CODE_SIGN_STYLE = Automatic;
				CURRENT_PROJECT_VERSION = 1;
				GENERATE_INFOPLIST_FILE = YES;
				MARKETING_VERSION = 1.0;
				PRODUCT_BUNDLE_IDENTIFIER = com.zeronice.airbnbUITests;
				PRODUCT_NAME = "$(TARGET_NAME)";
				SWIFT_EMIT_LOC_STRINGS = NO;
				SWIFT_VERSION = 5.0;
				TARGETED_DEVICE_FAMILY = "1,2";
				TEST_TARGET_NAME = airbnb;
			};
			name = Debug;
		};
		78EC36DE2D5B3C000067BCF1 /* Release */ = {
			isa = XCBuildConfiguration;
			buildSettings = {
				ALWAYS_EMBED_SWIFT_STANDARD_LIBRARIES = YES;
				CODE_SIGN_STYLE = Automatic;
				CURRENT_PROJECT_VERSION = 1;
				GENERATE_INFOPLIST_FILE = YES;
				MARKETING_VERSION = 1.0;
				PRODUCT_BUNDLE_IDENTIFIER = com.zeronice.airbnbUITests;
				PRODUCT_NAME = "$(TARGET_NAME)";
				SWIFT_EMIT_LOC_STRINGS = NO;
				SWIFT_VERSION = 5.0;
				TARGETED_DEVICE_FAMILY = "1,2";
				TEST_TARGET_NAME = airbnb;
			};
			name = Release;
		};
/* End XCBuildConfiguration section */

/* Begin XCConfigurationList section */
		78EC36AD2D5B3BFE0067BCF1 /* Build configuration list for PBXProject "airbnb" */ = {
			isa = XCConfigurationList;
			buildConfigurations = (
				78EC36D42D5B3C000067BCF1 /* Debug */,
				78EC36D52D5B3C000067BCF1 /* Release */,
			);
			defaultConfigurationIsVisible = 0;
			defaultConfigurationName = Release;
		};
		78EC36D62D5B3C000067BCF1 /* Build configuration list for PBXNativeTarget "airbnb" */ = {
			isa = XCConfigurationList;
			buildConfigurations = (
				78EC36D72D5B3C000067BCF1 /* Debug */,
				78EC36D82D5B3C000067BCF1 /* Release */,
			);
			defaultConfigurationIsVisible = 0;
			defaultConfigurationName = Release;
		};
		78EC36D92D5B3C000067BCF1 /* Build configuration list for PBXNativeTarget "airbnbTests" */ = {
			isa = XCConfigurationList;
			buildConfigurations = (
				78EC36DA2D5B3C000067BCF1 /* Debug */,
				78EC36DB2D5B3C000067BCF1 /* Release */,
			);
			defaultConfigurationIsVisible = 0;
			defaultConfigurationName = Release;
		};
		78EC36DC2D5B3C000067BCF1 /* Build configuration list for PBXNativeTarget "airbnbUITests" */ = {
			isa = XCConfigurationList;
			buildConfigurations = (
				78EC36DD2D5B3C000067BCF1 /* Debug */,
				78EC36DE2D5B3C000067BCF1 /* Release */,
			);
			defaultConfigurationIsVisible = 0;
			defaultConfigurationName = Release;
		};
/* End XCConfigurationList section */
	};
	rootObject = 78EC36AA2D5B3BFE0067BCF1 /* Project object */;
}
